
Microsoft Visual Studio Solution File, Format Version 12.00
Project("{FAE04EC0-301F-11D3-BF4B-00C04F79EFBC}") = "MinimalApiStarter", "MinimalApiStarter\MinimalApiStarter.csproj", "{5C6B55D3-0AF1-4DD1-919B-FAE083A1978D}"
EndProject
Project("{FAE04EC0-301F-11D3-BF4B-00C04F79EFBC}") = "MinimalApiStarter.IntegrationTests", "MinimalApiStarter.IntegrationTests\MinimalApiStarter.IntegrationTests.csproj", "{7A3C9FFF-AF08-4164-B900-61FD3F01E85A}"
EndProject
Global
	GlobalSection(SolutionConfigurationPlatforms) = preSolution
		Debug|Any CPU = Debug|Any CPU
		Release|Any CPU = Release|Any CPU
	EndGlobalSection
	GlobalSection(ProjectConfigurationPlatforms) = postSolution
		{5C6B55D3-0AF1-4DD1-919B-FAE083A1978D}.Debug|Any CPU.ActiveCfg = Debug|Any CPU
		{5C6B55D3-0AF1-4DD1-919B-FAE083A1978D}.Debug|Any CPU.Build.0 = Debug|Any CPU
		{5C6B55D3-0AF1-4DD1-919B-FAE083A1978D}.Release|Any CPU.ActiveCfg = Release|Any CPU
		{5C6B55D3-0AF1-4DD1-919B-FAE083A1978D}.Release|Any CPU.Build.0 = Release|Any CPU
		{7A3C9FFF-AF08-4164-B900-61FD3F01E85A}.Debug|Any CPU.ActiveCfg = Debug|Any CPU
		{7A3C9FFF-AF08-4164-B900-61FD3F01E85A}.Debug|Any CPU.Build.0 = Debug|Any CPU
		{7A3C9FFF-AF08-4164-B900-61FD3F01E85A}.Release|Any CPU.ActiveCfg = Release|Any CPU
		{7A3C9FFF-AF08-4164-B900-61FD3F01E85A}.Release|Any CPU.Build.0 = Release|Any CPU
	EndGlobalSection
EndGlobal
